
Microsoft Visual Studio Solution File, Format Version 12.00
# Visual Studio Version 17
VisualStudioVersion = 17.10.35013.160
MinimumVisualStudioVersion = 10.0.40219.1
Project("{FAE04EC0-301F-11D3-BF4B-00C04F79EFBC}") = "class project", "class project\class project.csproj", "{23EB94A3-A27E-40C3-B8D9-167BE6C555D0}"
EndProject
Global
	GlobalSection(SolutionConfigurationPlatforms) = preSolution
		Debug|Any CPU = Debug|Any CPU
		Release|Any CPU = Release|Any CPU
	EndGlobalSection
	GlobalSection(ProjectConfigurationPlatforms) = postSolution
		{23EB94A3-A27E-40C3-B8D9-167BE6C555D0}.Debug|Any CPU.ActiveCfg = Debug|Any CPU
		{23EB94A3-A27E-40C3-B8D9-167BE6C555D0}.Debug|Any CPU.Build.0 = Debug|Any CPU
		{23EB94A3-A27E-40C3-B8D9-167BE6C555D0}.Release|Any CPU.ActiveCfg = Release|Any CPU
		{23EB94A3-A27E-40C3-B8D9-167BE6C555D0}.Release|Any CPU.Build.0 = Release|Any CPU
	EndGlobalSection
	GlobalSection(SolutionProperties) = preSolution
		HideSolutionNode = FALSE
	EndGlobalSection
	GlobalSection(ExtensibilityGlobals) = postSolution
		SolutionGuid = {A3CE3B42-A9B1-4ECB-A080-F9F6947136E0}
	EndGlobalSection
EndGlobal
